{
  "version": 4,
  "terraform_version": "1.15.6",
  "serial": 7,
  "lineage": "d392de3e-3acf-256e-ff6e-43831502371c",
  "outputs": {
    "config_file_created": {
      "value": "server-info.yaml",
      "type": "string"
    }
  },
  "resources": [
    {
      "mode": "managed",
      "type": "local_file",
      "name": "server_config",
      "provider": "provider[\"registry.terraform.io/hashicorp/local\"]",
      "instances": [
        {
          "schema_version": 0,
          "attributes": {
            "content": "  server_name: dev-server\r\n  Environment: development\r\n  Timezone: Asia/Kolkata\r\n  docker_enabled: true\r\n  monitoring_enabled: true\r\n",
            "content_base64": null,
            "content_base64sha256": "DNvbV2fjoH7mgOn+QhxC9JHoDytHQFbcjWbTvvUOdPk=",
            "content_base64sha512": "cjNESWg3ScUpmewctemb1O8UupC8vrWSqO62pp+cBd8vWVWoxqQ8krfKHeBVI7O2gekZLmbKoFrbLSgxKRzNJA==",
            "content_md5": "9d0cf4f7c123dcf2985665493bf6b781",
            "content_sha1": "654451e9a462b360b2a19849bda390941313cdbe",
            "content_sha256": "0cdbdb5767e3a07ee680e9fe421c42f491e80f2b474056dc8d66d3bef50e74f9",
            "content_sha512": "72334449683749c52999ec1cb5e99bd4ef14ba90bcbeb592a8eeb6a69f9c05df2f5955a8c6a43c92b7ca1de05523b3b681e9192e66caa05adb2d2831291ccd24",
            "directory_permission": "0777",
            "file_permission": "0777",
            "filename": "server-info.yaml",
            "id": "654451e9a462b360b2a19849bda390941313cdbe",
            "sensitive_content": null,
            "source": null
          },
          "sensitive_attributes": [
            [
              {
                "type": "get_attr",
                "value": "sensitive_content"
              }
            ]
          ],
          "identity_schema_version": 0
        }
      ]
    }
  ],
  "check_results": null
}
